<?xml version="1.0" encoding="utf-8"?>
<Project ToolsVersion="4.0" xmlns="http://schemas.microsoft.com/developer/msbuild/2003">
  <ItemGroup>
    <Filter Include="Source Files">
      <UniqueIdentifier>{4FC737F1-C7A5-4376-A066-2A32D752A2FF}</UniqueIdentifier>
      <Extensions>cpp;c;cc;cxx;c++;cppm;ixx;def;odl;idl;hpj;bat;asm;asmx</Extensions>
    </Filter>
    <Filter Include="Header Files">
      <UniqueIdentifier>{93995380-89BD-4b04-88EB-625FBE52EBFB}</UniqueIdentifier>
      <Extensions>h;hh;hpp;hxx;h++;hm;inl;inc;ipp;xsd</Extensions>
    </Filter>
    <Filter Include="Resource Files">
      <UniqueIdentifier>{67DA6AB6-F800-4c08-8B7A-83BB121AAD01}</UniqueIdentifier>
      <Extensions>rc;ico;cur;bmp;dlg;rc2;rct;bin;rgs;gif;jpg;jpeg;jpe;resx;tiff;tif;png;wav;mfcribbon-ms</Extensions>
    </Filter>
    <Filter Include="Source Files\shaders">
      <UniqueIdentifier>{fa3decca-7881-4d31-8a18-3ea6da2ad4e8}</UniqueIdentifier>
    </Filter>
    <Filter Include="Source Files\ImGui">
      <UniqueIdentifier>{658bbbf2-9fa9-41d7-8955-0fab07ec5e8c}</UniqueIdentifier>
    </Filter>
    <Filter Include="Source Files\Hittable">
      <UniqueIdentifier>{e0ef57a5-635f-4084-9b1f-24ce08482fad}</UniqueIdentifier>
    </Filter>
    <Filter Include="Header Files\Hittable">
      <UniqueIdentifier>{e9f914f1-5f03-42f3-a865-ede2a9686bee}</UniqueIdentifier>
    </Filter>
    <Filter Include="Source Files\shaders\source">
      <UniqueIdentifier>{85ab4b08-a120-4f90-b250-9d2e08b703ac}</UniqueIdentifier>
    </Filter>
    <Filter Include="Source Files\shaders\include">
      <UniqueIdentifier>{9185355d-2ba3-4570-b504-7118eed3a7a1}</UniqueIdentifier>
    </Filter>
    <Filter Include="Source Files\shaders\source\implementations">
      <UniqueIdentifier>{320ef565-6b58-4e23-a3c6-0c92962d05fc}</UniqueIdentifier>
    </Filter>
  </ItemGroup>
  <ItemGroup>
    <ClCompile Include="src\main.cpp">
      <Filter>Source Files</Filter>
    </ClCompile>
    <ClCompile Include="src\shader.cpp">
      <Filter>Source Files</Filter>
    </ClCompile>
    <ClCompile Include="src\Camera.cpp">
      <Filter>Source Files</Filter>
    </ClCompile>
    <ClCompile Include="src\Material.cpp">
      <Filter>Source Files</Filter>
    </ClCompile>
    <ClCompile Include="include\imgui\imgui.cpp">
      <Filter>Source Files\ImGui</Filter>
    </ClCompile>
    <ClCompile Include="include\imgui\imgui_demo.cpp">
      <Filter>Source Files\ImGui</Filter>
    </ClCompile>
    <ClCompile Include="include\imgui\imgui_draw.cpp">
      <Filter>Source Files\ImGui</Filter>
    </ClCompile>
    <ClCompile Include="include\imgui\imgui_tables.cpp">
      <Filter>Source Files\ImGui</Filter>
    </ClCompile>
    <ClCompile Include="include\imgui\imgui_widgets.cpp">
      <Filter>Source Files\ImGui</Filter>
    </ClCompile>
    <ClCompile Include="include\imgui\backends\imgui_impl_glfw.cpp">
      <Filter>Source Files\ImGui</Filter>
    </ClCompile>
    <ClCompile Include="include\imgui\backends\imgui_impl_opengl3.cpp">
      <Filter>Source Files\ImGui</Filter>
    </ClCompile>
    <ClCompile Include="src\GUI.cpp">
      <Filter>Source Files</Filter>
    </ClCompile>
    <ClCompile Include="src\glad.c">
      <Filter>Source Files</Filter>
    </ClCompile>
    <ClCompile Include="src\Cube.cpp">
      <Filter>Source Files\Hittable</Filter>
    </ClCompile>
    <ClCompile Include="src\Sphere.cpp">
      <Filter>Source Files\Hittable</Filter>
    </ClCompile>
  </ItemGroup>
  <ItemGroup>
    <None Include="shaders\source\comp.glsl">
      <Filter>Source Files\shaders\source</Filter>
    </None>
    <None Include="shaders\source\frag.glsl">
      <Filter>Source Files\shaders\source</Filter>
    </None>
    <None Include="shaders\source\vert.glsl">
      <Filter>Source Files\shaders\source</Filter>
    </None>
    <None Include="shaders\include\aabb.glsl_h">
      <Filter>Source Files\shaders\include</Filter>
    </None>
    <None Include="shaders\include\camera.glsl_h">
      <Filter>Source Files\shaders\include</Filter>
    </None>
    <None Include="shaders\include\interval.glsl_h">
      <Filter>Source Files\shaders\include</Filter>
    </None>
    <None Include="shaders\include\ray.glsl_h">
      <Filter>Source Files\shaders\include</Filter>
    </None>
    <None Include="shaders\include\utilities.glsl_h">
      <Filter>Source Files\shaders\include</Filter>
    </None>
    <None Include="shaders\source\Implementations\aabb.glsl">
      <Filter>Source Files\shaders\source\implementations</Filter>
    </None>
    <None Include="shaders\source\Implementations\camera.glsl">
      <Filter>Source Files\shaders\source\implementations</Filter>
    </None>
    <None Include="shaders\source\Implementations\interval.glsl">
      <Filter>Source Files\shaders\source\implementations</Filter>
    </None>
    <None Include="shaders\source\Implementations\ray.glsl">
      <Filter>Source Files\shaders\source\implementations</Filter>
    </None>
    <None Include="shaders\source\Implementations\utilities.glsl">
      <Filter>Source Files\shaders\source\implementations</Filter>
    </None>
    <None Include="shaders\include\types.glsl_h">
      <Filter>Source Files\shaders\include</Filter>
    </None>
    <None Include="shaders\source\implementations\material.glsl">
      <Filter>Source Files\shaders\source\implementations</Filter>
    </None>
    <None Include="shaders\source\implementations\sphere.glsl">
      <Filter>Source Files\shaders\source\implementations</Filter>
    </None>
    <None Include="shaders\include\sphere.glsl_h">
      <Filter>Source Files\shaders\include</Filter>
    </None>
    <None Include="shaders\include\material.glsl_h">
      <Filter>Source Files\shaders\include</Filter>
    </None>
    <None Include="shaders\include\buffers.glsl_h">
      <Filter>Source Files\shaders\include</Filter>
    </None>
  </ItemGroup>
  <ItemGroup>
    <ClInclude Include="src\shader.h">
      <Filter>Header Files</Filter>
    </ClInclude>
    <ClInclude Include="src\Camera.h">
      <Filter>Header Files</Filter>
    </ClInclude>
    <ClInclude Include="src\utilities.h">
      <Filter>Header Files</Filter>
    </ClInclude>
    <ClInclude Include="src\Material.h">
      <Filter>Header Files</Filter>
    </ClInclude>
    <ClInclude Include="src\GUI.h">
      <Filter>Header Files</Filter>
    </ClInclude>
    <ClInclude Include="src\Hittable.h">
      <Filter>Header Files\Hittable</Filter>
    </ClInclude>
    <ClInclude Include="src\Cube.h">
      <Filter>Header Files\Hittable</Filter>
    </ClInclude>
    <ClInclude Include="src\Sphere.h">
      <Filter>Header Files\Hittable</Filter>
    </ClInclude>
  </ItemGroup>
</Project>